dependencies:
- name: postgresql
  repository: https://charts.bitnami.com/bitnami
  version: 15.2.5
- name: clickhouse
  repository: https://charts.bitnami.com/bitnami
  version: 6.0.2
digest: sha256:b8be622006d93cd137451047e7bce98fa94a22142482fca4123187b3b5800b77
generated: "2024-04-27T17:23:36.66931671+08:00"
