dependencies:
- name: firefly-iii
  repository: https://firefly-iii.github.io/kubernetes/
  version: 1.4.0
- name: importer
  repository: https://firefly-iii.github.io/kubernetes/
  version: 1.3.1
- name: redis
  repository: https://charts.bitnami.com/bitnami
  version: 18.6.2
- name: postgresql
  repository: https://charts.bitnami.com/bitnami
  version: 13.2.27
digest: sha256:08577aa318f1370d762f8b9baefff2ca51acf6f3589b254b47595135f5cc726d
generated: "2024-01-06T21:40:45.453263795+08:00"
