dependencies:
- name: postgresql
  repository: https://charts.bitnami.com/bitnami
  version: 15.3.3
- name: redis
  repository: https://charts.bitnami.com/bitnami
  version: 19.3.3
digest: sha256:7658d1384cac4c061d155a67372cb539acc12cf5acdc820a88345a4a21c8d7f1
generated: "2024-05-18T17:19:49.677235886+08:00"
